
Microsoft Visual Studio Solution File, Format Version 12.00
# Visual Studio Version 16
VisualStudioVersion = 16.0.31025.194
MinimumVisualStudioVersion = 10.0.40219.1
Project("{9A19103F-16F7-4668-BE54-9A1E7A4F7556}") = "Yathzepsi", "Yathzepsi.csproj", "{3A3370AC-0D86-4192-9C48-BF190612A214}"
EndProject
Project("{9A19103F-16F7-4668-BE54-9A1E7A4F7556}") = "YathzepsiBiblio", "..\YathzepsiBiblio\YathzepsiBiblio.csproj", "{CB035329-3457-4635-8DE6-364281691B1B}"
EndProject
Global
	GlobalSection(SolutionConfigurationPlatforms) = preSolution
		Debug|Any CPU = Debug|Any CPU
		Release|Any CPU = Release|Any CPU
	EndGlobalSection
	GlobalSection(ProjectConfigurationPlatforms) = postSolution
		{3A3370AC-0D86-4192-9C48-BF190612A214}.Debug|Any CPU.ActiveCfg = Debug|Any CPU
		{3A3370AC-0D86-4192-9C48-BF190612A214}.Debug|Any CPU.Build.0 = Debug|Any CPU
		{3A3370AC-0D86-4192-9C48-BF190612A214}.Release|Any CPU.ActiveCfg = Release|Any CPU
		{3A3370AC-0D86-4192-9C48-BF190612A214}.Release|Any CPU.Build.0 = Release|Any CPU
		{CB035329-3457-4635-8DE6-364281691B1B}.Debug|Any CPU.ActiveCfg = Debug|Any CPU
		{CB035329-3457-4635-8DE6-364281691B1B}.Debug|Any CPU.Build.0 = Debug|Any CPU
		{CB035329-3457-4635-8DE6-364281691B1B}.Release|Any CPU.ActiveCfg = Release|Any CPU
		{CB035329-3457-4635-8DE6-364281691B1B}.Release|Any CPU.Build.0 = Release|Any CPU
	EndGlobalSection
	GlobalSection(SolutionProperties) = preSolution
		HideSolutionNode = FALSE
	EndGlobalSection
	GlobalSection(ExtensibilityGlobals) = postSolution
		SolutionGuid = {1E7CEF29-AC57-4010-8BA6-B53592A21729}
	EndGlobalSection
EndGlobal
